{
  "version": 4,
  "terraform_version": "1.10.5",
  "serial": 46,
  "lineage": "9e81ee60-edb2-583f-fd8f-1fea8434e150",
  "outputs": {
    "puppeteer_external_ip": {
      "value": "35.193.108.210",
      "type": "string"
    }
  },
  "resources": [
    {
      "mode": "managed",
      "type": "google_compute_address",
      "name": "puppeteer_ip",
      "provider": "provider[\"registry.terraform.io/hashicorp/google\"]",
      "instances": [
        {
          "schema_version": 0,
          "attributes": {
            "address": "35.193.108.210",
            "address_type": "EXTERNAL",
            "creation_timestamp": "2025-02-10T20:52:20.942-08:00",
            "description": "",
            "id": "projects/probable-scout-446005-v7/regions/us-central1/addresses/puppeteer-ip",
            "ip_version": "",
            "ipv6_endpoint_type": "",
            "name": "puppeteer-ip",
            "network": "",
            "network_tier": "PREMIUM",
            "prefix_length": 0,
            "project": "probable-scout-446005-v7",
            "purpose": "",
            "region": "us-central1",
            "self_link": "https://www.googleapis.com/compute/v1/projects/probable-scout-446005-v7/regions/us-central1/addresses/puppeteer-ip",
            "subnetwork": "",
            "timeouts": null,
            "users": [
              "https://www.googleapis.com/compute/v1/projects/probable-scout-446005-v7/zones/us-central1-a/instances/puppeteer-vm"
            ]
          },
          "sensitive_attributes": [],
          "private": "eyJlMmJmYjczMC1lY2FhLTExZTYtOGY4OC0zNDM2M2JjN2M0YzAiOnsiY3JlYXRlIjoxMjAwMDAwMDAwMDAwLCJkZWxldGUiOjEyMDAwMDAwMDAwMDB9fQ=="
        }
      ]
    },
    {
      "mode": "managed",
      "type": "google_compute_firewall",
      "name": "allow_http",
      "provider": "provider[\"registry.terraform.io/hashicorp/google\"]",
      "instances": [
        {
          "schema_version": 1,
          "attributes": {
            "allow": [
              {
                "ports": [
                  "80"
                ],
                "protocol": "tcp"
              }
            ],
            "creation_timestamp": "2025-02-10T21:16:00.627-08:00",
            "deny": [],
            "description": "",
            "destination_ranges": [],
            "direction": "INGRESS",
            "disabled": false,
            "enable_logging": null,
            "id": "projects/probable-scout-446005-v7/global/firewalls/allow-http",
            "log_config": [],
            "name": "allow-http",
            "network": "https://www.googleapis.com/compute/v1/projects/probable-scout-446005-v7/global/networks/puppeteer-network",
            "priority": 1000,
            "project": "probable-scout-446005-v7",
            "self_link": "https://www.googleapis.com/compute/v1/projects/probable-scout-446005-v7/global/firewalls/allow-http",
            "source_ranges": [
              "0.0.0.0/0"
            ],
            "source_service_accounts": [],
            "source_tags": [],
            "target_service_accounts": [],
            "target_tags": [
              "puppeteer"
            ],
            "timeouts": null
          },
          "sensitive_attributes": [],
          "private": "eyJlMmJmYjczMC1lY2FhLTExZTYtOGY4OC0zNDM2M2JjN2M0YzAiOnsiY3JlYXRlIjoxMjAwMDAwMDAwMDAwLCJkZWxldGUiOjEyMDAwMDAwMDAwMDAsInVwZGF0ZSI6MTIwMDAwMDAwMDAwMH0sInNjaGVtYV92ZXJzaW9uIjoiMSJ9",
          "dependencies": [
            "google_compute_network.puppeteer_network"
          ]
        }
      ]
    },
    {
      "mode": "managed",
      "type": "google_compute_firewall",
      "name": "allow_https",
      "provider": "provider[\"registry.terraform.io/hashicorp/google\"]",
      "instances": [
        {
          "schema_version": 1,
          "attributes": {
            "allow": [
              {
                "ports": [
                  "443"
                ],
                "protocol": "tcp"
              }
            ],
            "creation_timestamp": "2025-02-10T21:16:00.680-08:00",
            "deny": [],
            "description": "",
            "destination_ranges": [],
            "direction": "INGRESS",
            "disabled": false,
            "enable_logging": null,
            "id": "projects/probable-scout-446005-v7/global/firewalls/allow-https",
            "log_config": [],
            "name": "allow-https",
            "network": "https://www.googleapis.com/compute/v1/projects/probable-scout-446005-v7/global/networks/puppeteer-network",
            "priority": 1000,
            "project": "probable-scout-446005-v7",
            "self_link": "https://www.googleapis.com/compute/v1/projects/probable-scout-446005-v7/global/firewalls/allow-https",
            "source_ranges": [
              "0.0.0.0/0"
            ],
            "source_service_accounts": [],
            "source_tags": [],
            "target_service_accounts": [],
            "target_tags": [
              "puppeteer"
            ],
            "timeouts": null
          },
          "sensitive_attributes": [],
          "private": "eyJlMmJmYjczMC1lY2FhLTExZTYtOGY4OC0zNDM2M2JjN2M0YzAiOnsiY3JlYXRlIjoxMjAwMDAwMDAwMDAwLCJkZWxldGUiOjEyMDAwMDAwMDAwMDAsInVwZGF0ZSI6MTIwMDAwMDAwMDAwMH0sInNjaGVtYV92ZXJzaW9uIjoiMSJ9",
          "dependencies": [
            "google_compute_network.puppeteer_network"
          ]
        }
      ]
    },
    {
      "mode": "managed",
      "type": "google_compute_firewall",
      "name": "allow_ssh_public",
      "provider": "provider[\"registry.terraform.io/hashicorp/google\"]",
      "instances": [
        {
          "schema_version": 1,
          "attributes": {
            "allow": [
              {
                "ports": [
                  "22"
                ],
                "protocol": "tcp"
              }
            ],
            "creation_timestamp": "2025-02-10T21:16:00.584-08:00",
            "deny": [],
            "description": "",
            "destination_ranges": [],
            "direction": "INGRESS",
            "disabled": false,
            "enable_logging": null,
            "id": "projects/probable-scout-446005-v7/global/firewalls/allow-ssh-public",
            "log_config": [],
            "name": "allow-ssh-public",
            "network": "https://www.googleapis.com/compute/v1/projects/probable-scout-446005-v7/global/networks/puppeteer-network",
            "priority": 1000,
            "project": "probable-scout-446005-v7",
            "self_link": "https://www.googleapis.com/compute/v1/projects/probable-scout-446005-v7/global/firewalls/allow-ssh-public",
            "source_ranges": [
              "0.0.0.0/0"
            ],
            "source_service_accounts": [],
            "source_tags": [],
            "target_service_accounts": [],
            "target_tags": [
              "puppeteer"
            ],
            "timeouts": null
          },
          "sensitive_attributes": [],
          "private": "eyJlMmJmYjczMC1lY2FhLTExZTYtOGY4OC0zNDM2M2JjN2M0YzAiOnsiY3JlYXRlIjoxMjAwMDAwMDAwMDAwLCJkZWxldGUiOjEyMDAwMDAwMDAwMDAsInVwZGF0ZSI6MTIwMDAwMDAwMDAwMH0sInNjaGVtYV92ZXJzaW9uIjoiMSJ9",
          "dependencies": [
            "google_compute_network.puppeteer_network"
          ]
        }
      ]
    },
    {
      "mode": "managed",
      "type": "google_compute_instance",
      "name": "puppeteer_vm",
      "provider": "provider[\"registry.terraform.io/hashicorp/google\"]",
      "instances": [
        {
          "schema_version": 6,
          "attributes": {
            "advanced_machine_features": [],
            "allow_stopping_for_update": null,
            "attached_disk": [],
            "boot_disk": [
              {
                "auto_delete": true,
                "device_name": "persistent-disk-0",
                "disk_encryption_key_raw": "",
                "disk_encryption_key_sha256": "",
                "initialize_params": [
                  {
                    "image": "https://www.googleapis.com/compute/v1/projects/ubuntu-os-cloud/global/images/ubuntu-2004-focal-v20250130",
                    "labels": {},
                    "resource_manager_tags": null,
                    "size": 20,
                    "type": "pd-standard"
                  }
                ],
                "kms_key_self_link": "",
                "mode": "READ_WRITE",
                "source": "https://www.googleapis.com/compute/v1/projects/probable-scout-446005-v7/zones/us-central1-a/disks/puppeteer-vm"
              }
            ],
            "can_ip_forward": false,
            "confidential_instance_config": [],
            "cpu_platform": "Intel Broadwell",
            "current_status": "RUNNING",
            "deletion_protection": false,
            "description": "",
            "desired_status": null,
            "enable_display": false,
            "guest_accelerator": [],
            "hostname": "",
            "id": "projects/probable-scout-446005-v7/zones/us-central1-a/instances/puppeteer-vm",
            "instance_id": "3576932695168998850",
            "label_fingerprint": "42WmSpB8rSM=",
            "labels": null,
            "machine_type": "e2-medium",
            "metadata": null,
            "metadata_fingerprint": "LDW1wUqa0C0=",
            "metadata_startup_script": "#!/bin/bash\napt-get update -y\napt-get install -y git curl\n\n# Instalar Node.js 18+ (necesario para Puppeteer)\ncurl -fsSL https://deb.nodesource.com/setup_18.x | sudo -E bash -\napt-get install -y nodejs\n\n# Instalar PM2 globalmente\nnpm install -g pm2\n\n# Descargar repositorio\nmkdir -p /opt\ncd /opt\ngit clone https://github.com/LuisAncelVasquezVillavicencio/server-puppeteer.git\n\n# Dar permisos adecuados\nchown -R root:root /opt/server-puppeteer\nchmod -R 755 /opt/server-puppeteer\n\n# Entrar al repositorio\ncd /opt/server-puppeteer/server-puppeteer\n\n# Instalar dependencias\nnpm install\n\n# Permitir que Node.js use el puerto 80 sin root\nsudo setcap 'cap_net_bind_service=+ep' $(which node)\n\n# Arrancar el servidor en el puerto 80\npm2 start index.js --name \"puppeteer-server\"\n\n# Guardar procesos de PM2\npm2 save\n\n# Configurar PM2 para iniciar automáticamente al reiniciar la VM\npm2 startup systemd -u root --hp /root\n",
            "min_cpu_platform": "",
            "name": "puppeteer-vm",
            "network_interface": [
              {
                "access_config": [
                  {
                    "nat_ip": "35.193.108.210",
                    "network_tier": "PREMIUM",
                    "public_ptr_domain_name": ""
                  }
                ],
                "alias_ip_range": [],
                "internal_ipv6_prefix_length": 0,
                "ipv6_access_config": [],
                "ipv6_access_type": "",
                "ipv6_address": "",
                "name": "nic0",
                "network": "https://www.googleapis.com/compute/v1/projects/probable-scout-446005-v7/global/networks/puppeteer-network",
                "network_ip": "10.0.0.6",
                "nic_type": "",
                "queue_count": 0,
                "stack_type": "IPV4_ONLY",
                "subnetwork": "https://www.googleapis.com/compute/v1/projects/probable-scout-446005-v7/regions/us-central1/subnetworks/puppeteer-subnetwork",
                "subnetwork_project": "probable-scout-446005-v7"
              }
            ],
            "network_performance_config": [],
            "params": [],
            "project": "probable-scout-446005-v7",
            "reservation_affinity": [],
            "resource_policies": null,
            "scheduling": [
              {
                "automatic_restart": true,
                "instance_termination_action": "",
                "local_ssd_recovery_timeout": [],
                "min_node_cpus": 0,
                "node_affinities": [],
                "on_host_maintenance": "MIGRATE",
                "preemptible": false,
                "provisioning_model": "STANDARD"
              }
            ],
            "scratch_disk": [],
            "self_link": "https://www.googleapis.com/compute/v1/projects/probable-scout-446005-v7/zones/us-central1-a/instances/puppeteer-vm",
            "service_account": [
              {
                "email": "terraform@probable-scout-446005-v7.iam.gserviceaccount.com",
                "scopes": [
                  "https://www.googleapis.com/auth/cloud-platform"
                ]
              }
            ],
            "shielded_instance_config": [
              {
                "enable_integrity_monitoring": true,
                "enable_secure_boot": false,
                "enable_vtpm": true
              }
            ],
            "tags": [
              "puppeteer"
            ],
            "tags_fingerprint": "7ODAiBK4tjc=",
            "timeouts": null,
            "zone": "us-central1-a"
          },
          "sensitive_attributes": [
            [
              {
                "type": "get_attr",
                "value": "boot_disk"
              },
              {
                "type": "index",
                "value": {
                  "value": 0,
                  "type": "number"
                }
              },
              {
                "type": "get_attr",
                "value": "disk_encryption_key_raw"
              }
            ]
          ],
          "private": "eyJlMmJmYjczMC1lY2FhLTExZTYtOGY4OC0zNDM2M2JjN2M0YzAiOnsiY3JlYXRlIjoxMjAwMDAwMDAwMDAwLCJkZWxldGUiOjEyMDAwMDAwMDAwMDAsInVwZGF0ZSI6MTIwMDAwMDAwMDAwMH0sInNjaGVtYV92ZXJzaW9uIjoiNiJ9",
          "dependencies": [
            "google_compute_address.puppeteer_ip",
            "google_compute_network.puppeteer_network",
            "google_compute_subnetwork.puppeteer_subnetwork"
          ]
        }
      ]
    },
    {
      "mode": "managed",
      "type": "google_compute_network",
      "name": "puppeteer_network",
      "provider": "provider[\"registry.terraform.io/hashicorp/google\"]",
      "instances": [
        {
          "schema_version": 0,
          "attributes": {
            "auto_create_subnetworks": false,
            "delete_default_routes_on_create": false,
            "description": "",
            "enable_ula_internal_ipv6": false,
            "gateway_ipv4": "",
            "id": "projects/probable-scout-446005-v7/global/networks/puppeteer-network",
            "internal_ipv6_range": "",
            "mtu": 0,
            "name": "puppeteer-network",
            "network_firewall_policy_enforcement_order": "AFTER_CLASSIC_FIREWALL",
            "project": "probable-scout-446005-v7",
            "routing_mode": "REGIONAL",
            "self_link": "https://www.googleapis.com/compute/v1/projects/probable-scout-446005-v7/global/networks/puppeteer-network",
            "timeouts": null
          },
          "sensitive_attributes": [],
          "private": "eyJlMmJmYjczMC1lY2FhLTExZTYtOGY4OC0zNDM2M2JjN2M0YzAiOnsiY3JlYXRlIjoxMjAwMDAwMDAwMDAwLCJkZWxldGUiOjEyMDAwMDAwMDAwMDAsInVwZGF0ZSI6MTIwMDAwMDAwMDAwMH19"
        }
      ]
    },
    {
      "mode": "managed",
      "type": "google_compute_subnetwork",
      "name": "puppeteer_subnetwork",
      "provider": "provider[\"registry.terraform.io/hashicorp/google\"]",
      "instances": [
        {
          "schema_version": 0,
          "attributes": {
            "creation_timestamp": "2025-02-10T20:52:43.904-08:00",
            "description": "",
            "external_ipv6_prefix": "",
            "fingerprint": null,
            "gateway_address": "10.0.0.1",
            "id": "projects/probable-scout-446005-v7/regions/us-central1/subnetworks/puppeteer-subnetwork",
            "internal_ipv6_prefix": "",
            "ip_cidr_range": "10.0.0.0/24",
            "ipv6_access_type": "",
            "ipv6_cidr_range": "",
            "log_config": [],
            "name": "puppeteer-subnetwork",
            "network": "https://www.googleapis.com/compute/v1/projects/probable-scout-446005-v7/global/networks/puppeteer-network",
            "private_ip_google_access": false,
            "private_ipv6_google_access": "DISABLE_GOOGLE_ACCESS",
            "project": "probable-scout-446005-v7",
            "purpose": "PRIVATE",
            "region": "us-central1",
            "role": "",
            "secondary_ip_range": [],
            "self_link": "https://www.googleapis.com/compute/v1/projects/probable-scout-446005-v7/regions/us-central1/subnetworks/puppeteer-subnetwork",
            "stack_type": "IPV4_ONLY",
            "timeouts": null
          },
          "sensitive_attributes": [],
          "private": "eyJlMmJmYjczMC1lY2FhLTExZTYtOGY4OC0zNDM2M2JjN2M0YzAiOnsiY3JlYXRlIjoxMjAwMDAwMDAwMDAwLCJkZWxldGUiOjEyMDAwMDAwMDAwMDAsInVwZGF0ZSI6MTIwMDAwMDAwMDAwMH19",
          "dependencies": [
            "google_compute_network.puppeteer_network"
          ]
        }
      ]
    }
  ],
  "check_results": null
}
